
Microsoft Visual Studio Solution File, Format Version 12.00
# Visual Studio Version 16
VisualStudioVersion = 16.0.29728.190
MinimumVisualStudioVersion = 10.0.40219.1
Project("{FAE04EC0-301F-11D3-BF4B-00C04F79EFBC}") = "pks_dotnet_core_sample", "pks_dotnet_core_sample.csproj", "{84451D8E-DF41-4B75-B26D-F84F585FCEBD}"
EndProject
Global
	GlobalSection(SolutionConfigurationPlatforms) = preSolution
		Debug|Any CPU = Debug|Any CPU
		Release|Any CPU = Release|Any CPU
	EndGlobalSection
	GlobalSection(ProjectConfigurationPlatforms) = postSolution
		{84451D8E-DF41-4B75-B26D-F84F585FCEBD}.Debug|Any CPU.ActiveCfg = Debug|Any CPU
		{84451D8E-DF41-4B75-B26D-F84F585FCEBD}.Debug|Any CPU.Build.0 = Debug|Any CPU
		{84451D8E-DF41-4B75-B26D-F84F585FCEBD}.Release|Any CPU.ActiveCfg = Release|Any CPU
		{84451D8E-DF41-4B75-B26D-F84F585FCEBD}.Release|Any CPU.Build.0 = Release|Any CPU
	EndGlobalSection
	GlobalSection(SolutionProperties) = preSolution
		HideSolutionNode = FALSE
	EndGlobalSection
	GlobalSection(ExtensibilityGlobals) = postSolution
		SolutionGuid = {0C480603-0665-4496-8DE2-4FC308160361}
	EndGlobalSection
EndGlobal
